// !$*UTF8*$!
{
	archiveVersion = 1;
	classes = {
	};
	objectVersion = 56;
	objects = {

/* Begin PBXBuildFile section */
		A549EB6E2932408400C54200 /* AppDelegate.swift in Sources */ = {isa = PBXBuildFile; fileRef = A549EB6D2932408400C54200 /* AppDelegate.swift */; };
		A549EB702932408400C54200 /* SceneDelegate.swift in Sources */ = {isa = PBXBuildFile; fileRef = A549EB6F2932408400C54200 /* SceneDelegate.swift */; };
		A549EB722932408400C54200 /* SignUpViewController.swift in Sources */ = {isa = PBXBuildFile; fileRef = A549EB712932408400C54200 /* SignUpViewController.swift */; };
		A549EB752932408400C54200 /* Main.storyboard in Resources */ = {isa = PBXBuildFile; fileRef = A549EB732932408400C54200 /* Main.storyboard */; };
		A549EB772932408600C54200 /* Assets.xcassets in Resources */ = {isa = PBXBuildFile; fileRef = A549EB762932408600C54200 /* Assets.xcassets */; };
		A549EB7A2932408600C54200 /* LaunchScreen.storyboard in Resources */ = {isa = PBXBuildFile; fileRef = A549EB782932408600C54200 /* LaunchScreen.storyboard */; };
		A549EB952932449500C54200 /* DeepLink.swift in Sources */ = {isa = PBXBuildFile; fileRef = A549EB932932449400C54200 /* DeepLink.swift */; };
		A549EB962932449500C54200 /* AppDependency.swift in Sources */ = {isa = PBXBuildFile; fileRef = A549EB942932449500C54200 /* AppDependency.swift */; };
		A549EB9A293244A400C54200 /* BaseViewController.swift in Sources */ = {isa = PBXBuildFile; fileRef = A549EB98293244A300C54200 /* BaseViewController.swift */; };
		A549EB9B293244A400C54200 /* BaseViewModel.swift in Sources */ = {isa = PBXBuildFile; fileRef = A549EB99293244A300C54200 /* BaseViewModel.swift */; };
		A549EBA3293244B900C54200 /* Coordinator.swift in Sources */ = {isa = PBXBuildFile; fileRef = A549EB9C293244B700C54200 /* Coordinator.swift */; };
		A549EBA4293244B900C54200 /* SceneCoordinator.swift in Sources */ = {isa = PBXBuildFile; fileRef = A549EB9D293244B700C54200 /* SceneCoordinator.swift */; };
		A549EBA5293244B900C54200 /* NavigationRouter.swift in Sources */ = {isa = PBXBuildFile; fileRef = A549EB9F293244B800C54200 /* NavigationRouter.swift */; };
		A549EBA6293244B900C54200 /* AppRouter.swift in Sources */ = {isa = PBXBuildFile; fileRef = A549EBA0293244B800C54200 /* AppRouter.swift */; };
		A549EBA7293244B900C54200 /* RouterType.swift in Sources */ = {isa = PBXBuildFile; fileRef = A549EBA1293244B800C54200 /* RouterType.swift */; };
		A549EBA8293244B900C54200 /* Presentable.swift in Sources */ = {isa = PBXBuildFile; fileRef = A549EBA2293244B800C54200 /* Presentable.swift */; };
		A5791F152933461E0031F0DB /* UITextField+Extension.swift in Sources */ = {isa = PBXBuildFile; fileRef = A5791F142933461E0031F0DB /* UITextField+Extension.swift */; };
		A5791F1829334BB80031F0DB /* String+Extension.swift in Sources */ = {isa = PBXBuildFile; fileRef = A5791F1729334BB80031F0DB /* String+Extension.swift */; };
		A5A5537A29324BBE00453471 /* UIWindow+Extension.swift in Sources */ = {isa = PBXBuildFile; fileRef = A5A5536D29324BBD00453471 /* UIWindow+Extension.swift */; };
		A5A5537B29324BBE00453471 /* UIViewController+Extension.swift in Sources */ = {isa = PBXBuildFile; fileRef = A5A5536F29324BBD00453471 /* UIViewController+Extension.swift */; };
		A5A5537C29324BBE00453471 /* UIViewController+Container.swift in Sources */ = {isa = PBXBuildFile; fileRef = A5A5537029324BBD00453471 /* UIViewController+Container.swift */; };
		A5A5537D29324BBE00453471 /* UIView+Extension.swift in Sources */ = {isa = PBXBuildFile; fileRef = A5A5537229324BBE00453471 /* UIView+Extension.swift */; };
		A5A5537E29324BBE00453471 /* UIView+AutoLayout.swift in Sources */ = {isa = PBXBuildFile; fileRef = A5A5537329324BBE00453471 /* UIView+AutoLayout.swift */; };
		A5A5537F29324BBE00453471 /* PopoverPresenter.swift in Sources */ = {isa = PBXBuildFile; fileRef = A5A5537529324BBE00453471 /* PopoverPresenter.swift */; };
		A5A5538029324BBE00453471 /* ModalPresenter.swift in Sources */ = {isa = PBXBuildFile; fileRef = A5A5537629324BBE00453471 /* ModalPresenter.swift */; };
		A5A5538129324BBE00453471 /* UIColor+Extension.swift in Sources */ = {isa = PBXBuildFile; fileRef = A5A5537829324BBE00453471 /* UIColor+Extension.swift */; };
		A5A5538229324BBE00453471 /* UIColor+Asset.swift in Sources */ = {isa = PBXBuildFile; fileRef = A5A5537929324BBE00453471 /* UIColor+Asset.swift */; };
		A5A5538529325BA100453471 /* UIImage+Assets.swift in Sources */ = {isa = PBXBuildFile; fileRef = A5A5538429325BA100453471 /* UIImage+Assets.swift */; };
		A5A5538B29325DF700453471 /* UIFont+Extension.swift in Sources */ = {isa = PBXBuildFile; fileRef = A5A5538A29325DF700453471 /* UIFont+Extension.swift */; };
		A5BDB1B229326842003F484E /* Montserrat-Regular.ttf in Resources */ = {isa = PBXBuildFile; fileRef = A5A5538829325D8E00453471 /* Montserrat-Regular.ttf */; };
		A5BDB1B329326842003F484E /* Montserrat-Medium.ttf in Resources */ = {isa = PBXBuildFile; fileRef = A5A5538729325D8E00453471 /* Montserrat-Medium.ttf */; };
		A5BDB1B729326C31003F484E /* SignUpViewModel.swift in Sources */ = {isa = PBXBuildFile; fileRef = A5BDB1B629326C31003F484E /* SignUpViewModel.swift */; };
		A5BDB1B929326C5B003F484E /* SignUpCoordinator.swift in Sources */ = {isa = PBXBuildFile; fileRef = A5BDB1B829326C5B003F484E /* SignUpCoordinator.swift */; };
/* End PBXBuildFile section */

/* Begin PBXFileReference section */
		A549EB6A2932408400C54200 /* entrance_test.app */ = {isa = PBXFileReference; explicitFileType = wrapper.application; includeInIndex = 0; path = entrance_test.app; sourceTree = BUILT_PRODUCTS_DIR; };
		A549EB6D2932408400C54200 /* AppDelegate.swift */ = {isa = PBXFileReference; lastKnownFileType = sourcecode.swift; path = AppDelegate.swift; sourceTree = "<group>"; };
		A549EB6F2932408400C54200 /* SceneDelegate.swift */ = {isa = PBXFileReference; lastKnownFileType = sourcecode.swift; path = SceneDelegate.swift; sourceTree = "<group>"; };
		A549EB712932408400C54200 /* SignUpViewController.swift */ = {isa = PBXFileReference; lastKnownFileType = sourcecode.swift; path = SignUpViewController.swift; sourceTree = "<group>"; };
		A549EB742932408400C54200 /* Base */ = {isa = PBXFileReference; lastKnownFileType = file.storyboard; name = Base; path = Base.lproj/Main.storyboard; sourceTree = "<group>"; };
		A549EB762932408600C54200 /* Assets.xcassets */ = {isa = PBXFileReference; lastKnownFileType = folder.assetcatalog; path = Assets.xcassets; sourceTree = "<group>"; };
		A549EB792932408600C54200 /* Base */ = {isa = PBXFileReference; lastKnownFileType = file.storyboard; name = Base; path = Base.lproj/LaunchScreen.storyboard; sourceTree = "<group>"; };
		A549EB7B2932408600C54200 /* Info.plist */ = {isa = PBXFileReference; lastKnownFileType = text.plist.xml; path = Info.plist; sourceTree = "<group>"; };
		A549EB932932449400C54200 /* DeepLink.swift */ = {isa = PBXFileReference; fileEncoding = 4; lastKnownFileType = sourcecode.swift; path = DeepLink.swift; sourceTree = "<group>"; };
		A549EB942932449500C54200 /* AppDependency.swift */ = {isa = PBXFileReference; fileEncoding = 4; lastKnownFileType = sourcecode.swift; path = AppDependency.swift; sourceTree = "<group>"; };
		A549EB98293244A300C54200 /* BaseViewController.swift */ = {isa = PBXFileReference; fileEncoding = 4; lastKnownFileType = sourcecode.swift; path = BaseViewController.swift; sourceTree = "<group>"; };
		A549EB99293244A300C54200 /* BaseViewModel.swift */ = {isa = PBXFileReference; fileEncoding = 4; lastKnownFileType = sourcecode.swift; path = BaseViewModel.swift; sourceTree = "<group>"; };
		A549EB9C293244B700C54200 /* Coordinator.swift */ = {isa = PBXFileReference; fileEncoding = 4; lastKnownFileType = sourcecode.swift; path = Coordinator.swift; sourceTree = "<group>"; };
		A549EB9D293244B700C54200 /* SceneCoordinator.swift */ = {isa = PBXFileReference; fileEncoding = 4; lastKnownFileType = sourcecode.swift; path = SceneCoordinator.swift; sourceTree = "<group>"; };
		A549EB9F293244B800C54200 /* NavigationRouter.swift */ = {isa = PBXFileReference; fileEncoding = 4; lastKnownFileType = sourcecode.swift; path = NavigationRouter.swift; sourceTree = "<group>"; };
		A549EBA0293244B800C54200 /* AppRouter.swift */ = {isa = PBXFileReference; fileEncoding = 4; lastKnownFileType = sourcecode.swift; path = AppRouter.swift; sourceTree = "<group>"; };
		A549EBA1293244B800C54200 /* RouterType.swift */ = {isa = PBXFileReference; fileEncoding = 4; lastKnownFileType = sourcecode.swift; path = RouterType.swift; sourceTree = "<group>"; };
		A549EBA2293244B800C54200 /* Presentable.swift */ = {isa = PBXFileReference; fileEncoding = 4; lastKnownFileType = sourcecode.swift; path = Presentable.swift; sourceTree = "<group>"; };
		A5791F142933461E0031F0DB /* UITextField+Extension.swift */ = {isa = PBXFileReference; lastKnownFileType = sourcecode.swift; path = "UITextField+Extension.swift"; sourceTree = "<group>"; };
		A5791F1729334BB80031F0DB /* String+Extension.swift */ = {isa = PBXFileReference; lastKnownFileType = sourcecode.swift; path = "String+Extension.swift"; sourceTree = "<group>"; };
		A5A5536D29324BBD00453471 /* UIWindow+Extension.swift */ = {isa = PBXFileReference; fileEncoding = 4; lastKnownFileType = sourcecode.swift; path = "UIWindow+Extension.swift"; sourceTree = "<group>"; };
		A5A5536F29324BBD00453471 /* UIViewController+Extension.swift */ = {isa = PBXFileReference; fileEncoding = 4; lastKnownFileType = sourcecode.swift; path = "UIViewController+Extension.swift"; sourceTree = "<group>"; };
		A5A5537029324BBD00453471 /* UIViewController+Container.swift */ = {isa = PBXFileReference; fileEncoding = 4; lastKnownFileType = sourcecode.swift; path = "UIViewController+Container.swift"; sourceTree = "<group>"; };
		A5A5537229324BBE00453471 /* UIView+Extension.swift */ = {isa = PBXFileReference; fileEncoding = 4; lastKnownFileType = sourcecode.swift; path = "UIView+Extension.swift"; sourceTree = "<group>"; };
		A5A5537329324BBE00453471 /* UIView+AutoLayout.swift */ = {isa = PBXFileReference; fileEncoding = 4; lastKnownFileType = sourcecode.swift; path = "UIView+AutoLayout.swift"; sourceTree = "<group>"; };
		A5A5537529324BBE00453471 /* PopoverPresenter.swift */ = {isa = PBXFileReference; fileEncoding = 4; lastKnownFileType = sourcecode.swift; path = PopoverPresenter.swift; sourceTree = "<group>"; };
		A5A5537629324BBE00453471 /* ModalPresenter.swift */ = {isa = PBXFileReference; fileEncoding = 4; lastKnownFileType = sourcecode.swift; path = ModalPresenter.swift; sourceTree = "<group>"; };
		A5A5537829324BBE00453471 /* UIColor+Extension.swift */ = {isa = PBXFileReference; fileEncoding = 4; lastKnownFileType = sourcecode.swift; path = "UIColor+Extension.swift"; sourceTree = "<group>"; };
		A5A5537929324BBE00453471 /* UIColor+Asset.swift */ = {isa = PBXFileReference; fileEncoding = 4; lastKnownFileType = sourcecode.swift; path = "UIColor+Asset.swift"; sourceTree = "<group>"; };
		A5A5538429325BA100453471 /* UIImage+Assets.swift */ = {isa = PBXFileReference; lastKnownFileType = sourcecode.swift; path = "UIImage+Assets.swift"; sourceTree = "<group>"; };
		A5A5538729325D8E00453471 /* Montserrat-Medium.ttf */ = {isa = PBXFileReference; lastKnownFileType = file; path = "Montserrat-Medium.ttf"; sourceTree = "<group>"; };
		A5A5538829325D8E00453471 /* Montserrat-Regular.ttf */ = {isa = PBXFileReference; lastKnownFileType = file; path = "Montserrat-Regular.ttf"; sourceTree = "<group>"; };
		A5A5538A29325DF700453471 /* UIFont+Extension.swift */ = {isa = PBXFileReference; lastKnownFileType = sourcecode.swift; path = "UIFont+Extension.swift"; sourceTree = "<group>"; };
		A5BDB1B629326C31003F484E /* SignUpViewModel.swift */ = {isa = PBXFileReference; lastKnownFileType = sourcecode.swift; path = SignUpViewModel.swift; sourceTree = "<group>"; };
		A5BDB1B829326C5B003F484E /* SignUpCoordinator.swift */ = {isa = PBXFileReference; lastKnownFileType = sourcecode.swift; path = SignUpCoordinator.swift; sourceTree = "<group>"; };
/* End PBXFileReference section */

/* Begin PBXFrameworksBuildPhase section */
		A549EB672932408400C54200 /* Frameworks */ = {
			isa = PBXFrameworksBuildPhase;
			buildActionMask = 2147483647;
			files = (
			);
			runOnlyForDeploymentPostprocessing = 0;
		};
/* End PBXFrameworksBuildPhase section */

/* Begin PBXGroup section */
		A549EB612932408400C54200 = {
			isa = PBXGroup;
			children = (
				A549EB6C2932408400C54200 /* entrance_test */,
				A549EB6B2932408400C54200 /* Products */,
			);
			sourceTree = "<group>";
		};
		A549EB6B2932408400C54200 /* Products */ = {
			isa = PBXGroup;
			children = (
				A549EB6A2932408400C54200 /* entrance_test.app */,
			);
			name = Products;
			sourceTree = "<group>";
		};
		A549EB6C2932408400C54200 /* entrance_test */ = {
			isa = PBXGroup;
			children = (
				A5A5538629325D8100453471 /* Resources */,
				A549EB922932448000C54200 /* Extension */,
				A549EB912932447100C54200 /* Modules */,
				A549EB902932446800C54200 /* Coordinators */,
				A549EB8F2932445F00C54200 /* AppDependency */,
				A549EB6D2932408400C54200 /* AppDelegate.swift */,
				A549EB6F2932408400C54200 /* SceneDelegate.swift */,
				A549EB732932408400C54200 /* Main.storyboard */,
				A549EB782932408600C54200 /* LaunchScreen.storyboard */,
				A549EB7B2932408600C54200 /* Info.plist */,
			);
			path = entrance_test;
			sourceTree = "<group>";
		};
		A549EB8F2932445F00C54200 /* AppDependency */ = {
			isa = PBXGroup;
			children = (
				A549EB942932449500C54200 /* AppDependency.swift */,
				A549EB932932449400C54200 /* DeepLink.swift */,
			);
			path = AppDependency;
			sourceTree = "<group>";
		};
		A549EB902932446800C54200 /* Coordinators */ = {
			isa = PBXGroup;
			children = (
				A549EB9C293244B700C54200 /* Coordinator.swift */,
				A549EBA2293244B800C54200 /* Presentable.swift */,
				A549EB9E293244B800C54200 /* Routers */,
				A549EB9D293244B700C54200 /* SceneCoordinator.swift */,
			);
			path = Coordinators;
			sourceTree = "<group>";
		};
		A549EB912932447100C54200 /* Modules */ = {
			isa = PBXGroup;
			children = (
				A5BDB1B429326939003F484E /* Auth */,
				A549EB97293244A300C54200 /* Bases */,
			);
			path = Modules;
			sourceTree = "<group>";
		};
		A549EB922932448000C54200 /* Extension */ = {
			isa = PBXGroup;
			children = (
				A5791F1629334BA70031F0DB /* String */,
				A5791F13293346090031F0DB /* UITextField */,
				A5A5538929325DE900453471 /* UIFont */,
				A5A5538329325B9200453471 /* UIImage */,
				A5A5537429324BBE00453471 /* Presenters */,
				A5A5537729324BBE00453471 /* UIColor */,
				A5A5537129324BBE00453471 /* UIView */,
				A5A5536E29324BBD00453471 /* UIViewController */,
				A5A5536C29324BBD00453471 /* UIWindow */,
			);
			path = Extension;
			sourceTree = "<group>";
		};
		A549EB97293244A300C54200 /* Bases */ = {
			isa = PBXGroup;
			children = (
				A549EB98293244A300C54200 /* BaseViewController.swift */,
				A549EB99293244A300C54200 /* BaseViewModel.swift */,
			);
			path = Bases;
			sourceTree = "<group>";
		};
		A549EB9E293244B800C54200 /* Routers */ = {
			isa = PBXGroup;
			children = (
				A549EB9F293244B800C54200 /* NavigationRouter.swift */,
				A549EBA0293244B800C54200 /* AppRouter.swift */,
				A549EBA1293244B800C54200 /* RouterType.swift */,
			);
			path = Routers;
			sourceTree = "<group>";
		};
		A5791F13293346090031F0DB /* UITextField */ = {
			isa = PBXGroup;
			children = (
				A5791F142933461E0031F0DB /* UITextField+Extension.swift */,
			);
			path = UITextField;
			sourceTree = "<group>";
		};
		A5791F1629334BA70031F0DB /* String */ = {
			isa = PBXGroup;
			children = (
				A5791F1729334BB80031F0DB /* String+Extension.swift */,
			);
			path = String;
			sourceTree = "<group>";
		};
		A5A5536C29324BBD00453471 /* UIWindow */ = {
			isa = PBXGroup;
			children = (
				A5A5536D29324BBD00453471 /* UIWindow+Extension.swift */,
			);
			path = UIWindow;
			sourceTree = "<group>";
		};
		A5A5536E29324BBD00453471 /* UIViewController */ = {
			isa = PBXGroup;
			children = (
				A5A5536F29324BBD00453471 /* UIViewController+Extension.swift */,
				A5A5537029324BBD00453471 /* UIViewController+Container.swift */,
			);
			path = UIViewController;
			sourceTree = "<group>";
		};
		A5A5537129324BBE00453471 /* UIView */ = {
			isa = PBXGroup;
			children = (
				A5A5537229324BBE00453471 /* UIView+Extension.swift */,
				A5A5537329324BBE00453471 /* UIView+AutoLayout.swift */,
			);
			path = UIView;
			sourceTree = "<group>";
		};
		A5A5537429324BBE00453471 /* Presenters */ = {
			isa = PBXGroup;
			children = (
				A5A5537529324BBE00453471 /* PopoverPresenter.swift */,
				A5A5537629324BBE00453471 /* ModalPresenter.swift */,
			);
			path = Presenters;
			sourceTree = "<group>";
		};
		A5A5537729324BBE00453471 /* UIColor */ = {
			isa = PBXGroup;
			children = (
				A5A5537829324BBE00453471 /* UIColor+Extension.swift */,
				A5A5537929324BBE00453471 /* UIColor+Asset.swift */,
			);
			path = UIColor;
			sourceTree = "<group>";
		};
		A5A5538329325B9200453471 /* UIImage */ = {
			isa = PBXGroup;
			children = (
				A5A5538429325BA100453471 /* UIImage+Assets.swift */,
			);
			path = UIImage;
			sourceTree = "<group>";
		};
		A5A5538629325D8100453471 /* Resources */ = {
			isa = PBXGroup;
			children = (
				A5A5538729325D8E00453471 /* Montserrat-Medium.ttf */,
				A5A5538829325D8E00453471 /* Montserrat-Regular.ttf */,
				A549EB762932408600C54200 /* Assets.xcassets */,
			);
			path = Resources;
			sourceTree = "<group>";
		};
		A5A5538929325DE900453471 /* UIFont */ = {
			isa = PBXGroup;
			children = (
				A5A5538A29325DF700453471 /* UIFont+Extension.swift */,
			);
			path = UIFont;
			sourceTree = "<group>";
		};
		A5BDB1B429326939003F484E /* Auth */ = {
			isa = PBXGroup;
			children = (
				A5BDB1B52932693F003F484E /* SignUp */,
			);
			path = Auth;
			sourceTree = "<group>";
		};
		A5BDB1B52932693F003F484E /* SignUp */ = {
			isa = PBXGroup;
			children = (
				A549EB712932408400C54200 /* SignUpViewController.swift */,
				A5BDB1B629326C31003F484E /* SignUpViewModel.swift */,
				A5BDB1B829326C5B003F484E /* SignUpCoordinator.swift */,
			);
			path = SignUp;
			sourceTree = "<group>";
		};
/* End PBXGroup section */

/* Begin PBXNativeTarget section */
		A549EB692932408400C54200 /* entrance_test */ = {
			isa = PBXNativeTarget;
			buildConfigurationList = A549EB7E2932408600C54200 /* Build configuration list for PBXNativeTarget "entrance_test" */;
			buildPhases = (
				A549EB662932408400C54200 /* Sources */,
				A549EB672932408400C54200 /* Frameworks */,
				A549EB682932408400C54200 /* Resources */,
			);
			buildRules = (
			);
			dependencies = (
			);
			name = entrance_test;
			productName = entrance_test;
			productReference = A549EB6A2932408400C54200 /* entrance_test.app */;
			productType = "com.apple.product-type.application";
		};
/* End PBXNativeTarget section */

/* Begin PBXProject section */
		A549EB622932408400C54200 /* Project object */ = {
			isa = PBXProject;
			attributes = {
				BuildIndependentTargetsInParallel = 1;
				LastSwiftUpdateCheck = 1400;
				LastUpgradeCheck = 1400;
				TargetAttributes = {
					A549EB692932408400C54200 = {
						CreatedOnToolsVersion = 14.0;
					};
				};
			};
			buildConfigurationList = A549EB652932408400C54200 /* Build configuration list for PBXProject "entrance_test" */;
			compatibilityVersion = "Xcode 14.0";
			developmentRegion = en;
			hasScannedForEncodings = 0;
			knownRegions = (
				en,
				Base,
			);
			mainGroup = A549EB612932408400C54200;
			productRefGroup = A549EB6B2932408400C54200 /* Products */;
			projectDirPath = "";
			projectRoot = "";
			targets = (
				A549EB692932408400C54200 /* entrance_test */,
			);
		};
/* End PBXProject section */

/* Begin PBXResourcesBuildPhase section */
		A549EB682932408400C54200 /* Resources */ = {
			isa = PBXResourcesBuildPhase;
			buildActionMask = 2147483647;
			files = (
				A5BDB1B229326842003F484E /* Montserrat-Regular.ttf in Resources */,
				A5BDB1B329326842003F484E /* Montserrat-Medium.ttf in Resources */,
				A549EB7A2932408600C54200 /* LaunchScreen.storyboard in Resources */,
				A549EB772932408600C54200 /* Assets.xcassets in Resources */,
				A549EB752932408400C54200 /* Main.storyboard in Resources */,
			);
			runOnlyForDeploymentPostprocessing = 0;
		};
/* End PBXResourcesBuildPhase section */

/* Begin PBXSourcesBuildPhase section */
		A549EB662932408400C54200 /* Sources */ = {
			isa = PBXSourcesBuildPhase;
			buildActionMask = 2147483647;
			files = (
				A5791F152933461E0031F0DB /* UITextField+Extension.swift in Sources */,
				A5A5538129324BBE00453471 /* UIColor+Extension.swift in Sources */,
				A549EBA4293244B900C54200 /* SceneCoordinator.swift in Sources */,
				A5A5538229324BBE00453471 /* UIColor+Asset.swift in Sources */,
				A5A5537E29324BBE00453471 /* UIView+AutoLayout.swift in Sources */,
				A549EBA3293244B900C54200 /* Coordinator.swift in Sources */,
				A549EBA7293244B900C54200 /* RouterType.swift in Sources */,
				A5A5538B29325DF700453471 /* UIFont+Extension.swift in Sources */,
				A5791F1829334BB80031F0DB /* String+Extension.swift in Sources */,
				A5A5537B29324BBE00453471 /* UIViewController+Extension.swift in Sources */,
				A549EB722932408400C54200 /* SignUpViewController.swift in Sources */,
				A549EB962932449500C54200 /* AppDependency.swift in Sources */,
				A549EB952932449500C54200 /* DeepLink.swift in Sources */,
				A5A5538029324BBE00453471 /* ModalPresenter.swift in Sources */,
				A5BDB1B929326C5B003F484E /* SignUpCoordinator.swift in Sources */,
				A5A5537D29324BBE00453471 /* UIView+Extension.swift in Sources */,
				A549EB9B293244A400C54200 /* BaseViewModel.swift in Sources */,
				A549EB6E2932408400C54200 /* AppDelegate.swift in Sources */,
				A549EBA6293244B900C54200 /* AppRouter.swift in Sources */,
				A5A5537A29324BBE00453471 /* UIWindow+Extension.swift in Sources */,
				A549EB702932408400C54200 /* SceneDelegate.swift in Sources */,
				A5A5538529325BA100453471 /* UIImage+Assets.swift in Sources */,
				A5A5537C29324BBE00453471 /* UIViewController+Container.swift in Sources */,
				A549EBA8293244B900C54200 /* Presentable.swift in Sources */,
				A549EBA5293244B900C54200 /* NavigationRouter.swift in Sources */,
				A5BDB1B729326C31003F484E /* SignUpViewModel.swift in Sources */,
				A5A5537F29324BBE00453471 /* PopoverPresenter.swift in Sources */,
				A549EB9A293244A400C54200 /* BaseViewController.swift in Sources */,
			);
			runOnlyForDeploymentPostprocessing = 0;
		};
/* End PBXSourcesBuildPhase section */

/* Begin PBXVariantGroup section */
		A549EB732932408400C54200 /* Main.storyboard */ = {
			isa = PBXVariantGroup;
			children = (
				A549EB742932408400C54200 /* Base */,
			);
			name = Main.storyboard;
			sourceTree = "<group>";
		};
		A549EB782932408600C54200 /* LaunchScreen.storyboard */ = {
			isa = PBXVariantGroup;
			children = (
				A549EB792932408600C54200 /* Base */,
			);
			name = LaunchScreen.storyboard;
			sourceTree = "<group>";
		};
/* End PBXVariantGroup section */

/* Begin XCBuildConfiguration section */
		A549EB7C2932408600C54200 /* Debug */ = {
			isa = XCBuildConfiguration;
			buildSettings = {
				ALWAYS_SEARCH_USER_PATHS = NO;
				CLANG_ANALYZER_NONNULL = YES;
				CLANG_ANALYZER_NUMBER_OBJECT_CONVERSION = YES_AGGRESSIVE;
				CLANG_CXX_LANGUAGE_STANDARD = "gnu++20";
				CLANG_ENABLE_MODULES = YES;
				CLANG_ENABLE_OBJC_ARC = YES;
				CLANG_ENABLE_OBJC_WEAK = YES;
				CLANG_WARN_BLOCK_CAPTURE_AUTORELEASING = YES;
				CLANG_WARN_BOOL_CONVERSION = YES;
				CLANG_WARN_COMMA = YES;
				CLANG_WARN_CONSTANT_CONVERSION = YES;
				CLANG_WARN_DEPRECATED_OBJC_IMPLEMENTATIONS = YES;
				CLANG_WARN_DIRECT_OBJC_ISA_USAGE = YES_ERROR;
				CLANG_WARN_DOCUMENTATION_COMMENTS = YES;
				CLANG_WARN_EMPTY_BODY = YES;
				CLANG_WARN_ENUM_CONVERSION = YES;
				CLANG_WARN_INFINITE_RECURSION = YES;
				CLANG_WARN_INT_CONVERSION = YES;
				CLANG_WARN_NON_LITERAL_NULL_CONVERSION = YES;
				CLANG_WARN_OBJC_IMPLICIT_RETAIN_SELF = YES;
				CLANG_WARN_OBJC_LITERAL_CONVERSION = YES;
				CLANG_WARN_OBJC_ROOT_CLASS = YES_ERROR;
				CLANG_WARN_QUOTED_INCLUDE_IN_FRAMEWORK_HEADER = YES;
				CLANG_WARN_RANGE_LOOP_ANALYSIS = YES;
				CLANG_WARN_STRICT_PROTOTYPES = YES;
				CLANG_WARN_SUSPICIOUS_MOVE = YES;
				CLANG_WARN_UNGUARDED_AVAILABILITY = YES_AGGRESSIVE;
				CLANG_WARN_UNREACHABLE_CODE = YES;
				CLANG_WARN__DUPLICATE_METHOD_MATCH = YES;
				COPY_PHASE_STRIP = NO;
				DEBUG_INFORMATION_FORMAT = dwarf;
				ENABLE_STRICT_OBJC_MSGSEND = YES;
				ENABLE_TESTABILITY = YES;
				GCC_C_LANGUAGE_STANDARD = gnu11;
				GCC_DYNAMIC_NO_PIC = NO;
				GCC_NO_COMMON_BLOCKS = YES;
				GCC_OPTIMIZATION_LEVEL = 0;
				GCC_PREPROCESSOR_DEFINITIONS = (
					"DEBUG=1",
					"$(inherited)",
				);
				GCC_WARN_64_TO_32_BIT_CONVERSION = YES;
				GCC_WARN_ABOUT_RETURN_TYPE = YES_ERROR;
				GCC_WARN_UNDECLARED_SELECTOR = YES;
				GCC_WARN_UNINITIALIZED_AUTOS = YES_AGGRESSIVE;
				GCC_WARN_UNUSED_FUNCTION = YES;
				GCC_WARN_UNUSED_VARIABLE = YES;
				IPHONEOS_DEPLOYMENT_TARGET = 16.0;
				MTL_ENABLE_DEBUG_INFO = INCLUDE_SOURCE;
				MTL_FAST_MATH = YES;
				ONLY_ACTIVE_ARCH = YES;
				SDKROOT = iphoneos;
				SWIFT_ACTIVE_COMPILATION_CONDITIONS = DEBUG;
				SWIFT_OPTIMIZATION_LEVEL = "-Onone";
			};
			name = Debug;
		};
		A549EB7D2932408600C54200 /* Release */ = {
			isa = XCBuildConfiguration;
			buildSettings = {
				ALWAYS_SEARCH_USER_PATHS = NO;
				CLANG_ANALYZER_NONNULL = YES;
				CLANG_ANALYZER_NUMBER_OBJECT_CONVERSION = YES_AGGRESSIVE;
				CLANG_CXX_LANGUAGE_STANDARD = "gnu++20";
				CLANG_ENABLE_MODULES = YES;
				CLANG_ENABLE_OBJC_ARC = YES;
				CLANG_ENABLE_OBJC_WEAK = YES;
				CLANG_WARN_BLOCK_CAPTURE_AUTORELEASING = YES;
				CLANG_WARN_BOOL_CONVERSION = YES;
				CLANG_WARN_COMMA = YES;
				CLANG_WARN_CONSTANT_CONVERSION = YES;
				CLANG_WARN_DEPRECATED_OBJC_IMPLEMENTATIONS = YES;
				CLANG_WARN_DIRECT_OBJC_ISA_USAGE = YES_ERROR;
				CLANG_WARN_DOCUMENTATION_COMMENTS = YES;
				CLANG_WARN_EMPTY_BODY = YES;
				CLANG_WARN_ENUM_CONVERSION = YES;
				CLANG_WARN_INFINITE_RECURSION = YES;
				CLANG_WARN_INT_CONVERSION = YES;
				CLANG_WARN_NON_LITERAL_NULL_CONVERSION = YES;
				CLANG_WARN_OBJC_IMPLICIT_RETAIN_SELF = YES;
				CLANG_WARN_OBJC_LITERAL_CONVERSION = YES;
				CLANG_WARN_OBJC_ROOT_CLASS = YES_ERROR;
				CLANG_WARN_QUOTED_INCLUDE_IN_FRAMEWORK_HEADER = YES;
				CLANG_WARN_RANGE_LOOP_ANALYSIS = YES;
				CLANG_WARN_STRICT_PROTOTYPES = YES;
				CLANG_WARN_SUSPICIOUS_MOVE = YES;
				CLANG_WARN_UNGUARDED_AVAILABILITY = YES_AGGRESSIVE;
				CLANG_WARN_UNREACHABLE_CODE = YES;
				CLANG_WARN__DUPLICATE_METHOD_MATCH = YES;
				COPY_PHASE_STRIP = NO;
				DEBUG_INFORMATION_FORMAT = "dwarf-with-dsym";
				ENABLE_NS_ASSERTIONS = NO;
				ENABLE_STRICT_OBJC_MSGSEND = YES;
				GCC_C_LANGUAGE_STANDARD = gnu11;
				GCC_NO_COMMON_BLOCKS = YES;
				GCC_WARN_64_TO_32_BIT_CONVERSION = YES;
				GCC_WARN_ABOUT_RETURN_TYPE = YES_ERROR;
				GCC_WARN_UNDECLARED_SELECTOR = YES;
				GCC_WARN_UNINITIALIZED_AUTOS = YES_AGGRESSIVE;
				GCC_WARN_UNUSED_FUNCTION = YES;
				GCC_WARN_UNUSED_VARIABLE = YES;
				IPHONEOS_DEPLOYMENT_TARGET = 16.0;
				MTL_ENABLE_DEBUG_INFO = NO;
				MTL_FAST_MATH = YES;
				SDKROOT = iphoneos;
				SWIFT_COMPILATION_MODE = wholemodule;
				SWIFT_OPTIMIZATION_LEVEL = "-O";
				VALIDATE_PRODUCT = YES;
			};
			name = Release;
		};
		A549EB7F2932408600C54200 /* Debug */ = {
			isa = XCBuildConfiguration;
			buildSettings = {
				ASSETCATALOG_COMPILER_APPICON_NAME = AppIcon;
				ASSETCATALOG_COMPILER_GLOBAL_ACCENT_COLOR_NAME = AccentColor;
				CODE_SIGN_STYLE = Automatic;
				CURRENT_PROJECT_VERSION = 1;
				GENERATE_INFOPLIST_FILE = YES;
				INFOPLIST_FILE = entrance_test/Info.plist;
				INFOPLIST_KEY_UIApplicationSupportsIndirectInputEvents = YES;
				INFOPLIST_KEY_UILaunchStoryboardName = LaunchScreen;
				INFOPLIST_KEY_UIMainStoryboardFile = Main;
				INFOPLIST_KEY_UISupportedInterfaceOrientations_iPad = "UIInterfaceOrientationPortrait UIInterfaceOrientationPortraitUpsideDown UIInterfaceOrientationLandscapeLeft UIInterfaceOrientationLandscapeRight";
				INFOPLIST_KEY_UISupportedInterfaceOrientations_iPhone = "UIInterfaceOrientationPortrait UIInterfaceOrientationLandscapeLeft UIInterfaceOrientationLandscapeRight";
				LD_RUNPATH_SEARCH_PATHS = (
					"$(inherited)",
					"@executable_path/Frameworks",
				);
				MARKETING_VERSION = 1.0;
				PRODUCT_BUNDLE_IDENTIFIER = "com.huynhthien.entrance-test";
				PRODUCT_NAME = "$(TARGET_NAME)";
				SWIFT_EMIT_LOC_STRINGS = YES;
				SWIFT_VERSION = 5.0;
				TARGETED_DEVICE_FAMILY = "1,2";
			};
			name = Debug;
		};
		A549EB802932408600C54200 /* Release */ = {
			isa = XCBuildConfiguration;
			buildSettings = {
				ASSETCATALOG_COMPILER_APPICON_NAME = AppIcon;
				ASSETCATALOG_COMPILER_GLOBAL_ACCENT_COLOR_NAME = AccentColor;
				CODE_SIGN_STYLE = Automatic;
				CURRENT_PROJECT_VERSION = 1;
				GENERATE_INFOPLIST_FILE = YES;
				INFOPLIST_FILE = entrance_test/Info.plist;
				INFOPLIST_KEY_UIApplicationSupportsIndirectInputEvents = YES;
				INFOPLIST_KEY_UILaunchStoryboardName = LaunchScreen;
				INFOPLIST_KEY_UIMainStoryboardFile = Main;
				INFOPLIST_KEY_UISupportedInterfaceOrientations_iPad = "UIInterfaceOrientationPortrait UIInterfaceOrientationPortraitUpsideDown UIInterfaceOrientationLandscapeLeft UIInterfaceOrientationLandscapeRight";
				INFOPLIST_KEY_UISupportedInterfaceOrientations_iPhone = "UIInterfaceOrientationPortrait UIInterfaceOrientationLandscapeLeft UIInterfaceOrientationLandscapeRight";
				LD_RUNPATH_SEARCH_PATHS = (
					"$(inherited)",
					"@executable_path/Frameworks",
				);
				MARKETING_VERSION = 1.0;
				PRODUCT_BUNDLE_IDENTIFIER = "com.huynhthien.entrance-test";
				PRODUCT_NAME = "$(TARGET_NAME)";
				SWIFT_EMIT_LOC_STRINGS = YES;
				SWIFT_VERSION = 5.0;
				TARGETED_DEVICE_FAMILY = "1,2";
			};
			name = Release;
		};
/* End XCBuildConfiguration section */

/* Begin XCConfigurationList section */
		A549EB652932408400C54200 /* Build configuration list for PBXProject "entrance_test" */ = {
			isa = XCConfigurationList;
			buildConfigurations = (
				A549EB7C2932408600C54200 /* Debug */,
				A549EB7D2932408600C54200 /* Release */,
			);
			defaultConfigurationIsVisible = 0;
			defaultConfigurationName = Release;
		};
		A549EB7E2932408600C54200 /* Build configuration list for PBXNativeTarget "entrance_test" */ = {
			isa = XCConfigurationList;
			buildConfigurations = (
				A549EB7F2932408600C54200 /* Debug */,
				A549EB802932408600C54200 /* Release */,
			);
			defaultConfigurationIsVisible = 0;
			defaultConfigurationName = Release;
		};
/* End XCConfigurationList section */
	};
	rootObject = A549EB622932408400C54200 /* Project object */;
}
